// !$*UTF8*$!
{
	archiveVersion = 1;
	classes = {
	};
	objectVersion = 48;
	objects = {

/* Begin PBXBuildFile section */
		3958290B208DD0FB00543469 /* AppDelegate.swift in Sources */ = {isa = PBXBuildFile; fileRef = 3958290A208DD0FB00543469 /* AppDelegate.swift */; };
		3958290D208DD0FB00543469 /* ViewController.swift in Sources */ = {isa = PBXBuildFile; fileRef = 3958290C208DD0FB00543469 /* ViewController.swift */; };
		39582910208DD0FB00543469 /* Main.storyboard in Resources */ = {isa = PBXBuildFile; fileRef = 3958290E208DD0FB00543469 /* Main.storyboard */; };
		39582912208DD0FB00543469 /* Assets.xcassets in Resources */ = {isa = PBXBuildFile; fileRef = 39582911208DD0FB00543469 /* Assets.xcassets */; };
		39582915208DD0FB00543469 /* LaunchScreen.storyboard in Resources */ = {isa = PBXBuildFile; fileRef = 39582913208DD0FB00543469 /* LaunchScreen.storyboard */; };
		39582921208DD23100543469 /* Coordinator.swift in Sources */ = {isa = PBXBuildFile; fileRef = 39582920208DD23100543469 /* Coordinator.swift */; };
		39582923208DD26F00543469 /* AppCoordinator.swift in Sources */ = {isa = PBXBuildFile; fileRef = 39582922208DD26F00543469 /* AppCoordinator.swift */; };
		39582925208DD71700543469 /* ArticleListCoordinator.swift in Sources */ = {isa = PBXBuildFile; fileRef = 39582924208DD71700543469 /* ArticleListCoordinator.swift */; };
		39582927208DE0B300543469 /* ArticleListViewModel.swift in Sources */ = {isa = PBXBuildFile; fileRef = 39582926208DE0B300543469 /* ArticleListViewModel.swift */; };
		3958292A208DE10F00543469 /* ArticleListViewModelProtocol.swift in Sources */ = {isa = PBXBuildFile; fileRef = 39582929208DE10F00543469 /* ArticleListViewModelProtocol.swift */; };
		3958292C208DE16E00543469 /* ArticleListModelProtocol.swift in Sources */ = {isa = PBXBuildFile; fileRef = 3958292B208DE16E00543469 /* ArticleListModelProtocol.swift */; };
		3958292F208DE42B00543469 /* ArticleListModel.swift in Sources */ = {isa = PBXBuildFile; fileRef = 3958292E208DE42B00543469 /* ArticleListModel.swift */; };
/* End PBXBuildFile section */

/* Begin PBXFileReference section */
		39582907208DD0FB00543469 /* MVVMCBeta2.app */ = {isa = PBXFileReference; explicitFileType = wrapper.application; includeInIndex = 0; path = MVVMCBeta2.app; sourceTree = BUILT_PRODUCTS_DIR; };
		3958290A208DD0FB00543469 /* AppDelegate.swift */ = {isa = PBXFileReference; lastKnownFileType = sourcecode.swift; path = AppDelegate.swift; sourceTree = "<group>"; };
		3958290C208DD0FB00543469 /* ViewController.swift */ = {isa = PBXFileReference; lastKnownFileType = sourcecode.swift; path = ViewController.swift; sourceTree = "<group>"; };
		3958290F208DD0FB00543469 /* Base */ = {isa = PBXFileReference; lastKnownFileType = file.storyboard; name = Base; path = Base.lproj/Main.storyboard; sourceTree = "<group>"; };
		39582911208DD0FB00543469 /* Assets.xcassets */ = {isa = PBXFileReference; lastKnownFileType = folder.assetcatalog; path = Assets.xcassets; sourceTree = "<group>"; };
		39582914208DD0FB00543469 /* Base */ = {isa = PBXFileReference; lastKnownFileType = file.storyboard; name = Base; path = Base.lproj/LaunchScreen.storyboard; sourceTree = "<group>"; };
		39582916208DD0FB00543469 /* Info.plist */ = {isa = PBXFileReference; lastKnownFileType = text.plist.xml; path = Info.plist; sourceTree = "<group>"; };
		39582920208DD23100543469 /* Coordinator.swift */ = {isa = PBXFileReference; lastKnownFileType = sourcecode.swift; path = Coordinator.swift; sourceTree = "<group>"; };
		39582922208DD26F00543469 /* AppCoordinator.swift */ = {isa = PBXFileReference; lastKnownFileType = sourcecode.swift; path = AppCoordinator.swift; sourceTree = "<group>"; };
		39582924208DD71700543469 /* ArticleListCoordinator.swift */ = {isa = PBXFileReference; lastKnownFileType = sourcecode.swift; path = ArticleListCoordinator.swift; sourceTree = "<group>"; };
		39582926208DE0B300543469 /* ArticleListViewModel.swift */ = {isa = PBXFileReference; lastKnownFileType = sourcecode.swift; path = ArticleListViewModel.swift; sourceTree = "<group>"; };
		39582929208DE10F00543469 /* ArticleListViewModelProtocol.swift */ = {isa = PBXFileReference; lastKnownFileType = sourcecode.swift; path = ArticleListViewModelProtocol.swift; sourceTree = "<group>"; };
		3958292B208DE16E00543469 /* ArticleListModelProtocol.swift */ = {isa = PBXFileReference; lastKnownFileType = sourcecode.swift; path = ArticleListModelProtocol.swift; sourceTree = "<group>"; };
		3958292E208DE42B00543469 /* ArticleListModel.swift */ = {isa = PBXFileReference; lastKnownFileType = sourcecode.swift; path = ArticleListModel.swift; sourceTree = "<group>"; };
/* End PBXFileReference section */

/* Begin PBXFrameworksBuildPhase section */
		39582904208DD0FB00543469 /* Frameworks */ = {
			isa = PBXFrameworksBuildPhase;
			buildActionMask = 2147483647;
			files = (
			);
			runOnlyForDeploymentPostprocessing = 0;
		};
/* End PBXFrameworksBuildPhase section */

/* Begin PBXGroup section */
		395828FE208DD0FB00543469 = {
			isa = PBXGroup;
			children = (
				39582909208DD0FB00543469 /* MVVMCBeta2 */,
				39582908208DD0FB00543469 /* Products */,
			);
			sourceTree = "<group>";
		};
		39582908208DD0FB00543469 /* Products */ = {
			isa = PBXGroup;
			children = (
				39582907208DD0FB00543469 /* MVVMCBeta2.app */,
			);
			name = Products;
			sourceTree = "<group>";
		};
		39582909208DD0FB00543469 /* MVVMCBeta2 */ = {
			isa = PBXGroup;
			children = (
				3958291F208DD1DD00543469 /* views */,
				3958291E208DD1D500543469 /* viewmodels */,
				3958291D208DD1CE00543469 /* models */,
				3958291C208DD12900543469 /* coordinators */,
				3958290A208DD0FB00543469 /* AppDelegate.swift */,
				3958290C208DD0FB00543469 /* ViewController.swift */,
				3958290E208DD0FB00543469 /* Main.storyboard */,
				39582911208DD0FB00543469 /* Assets.xcassets */,
				39582913208DD0FB00543469 /* LaunchScreen.storyboard */,
				39582916208DD0FB00543469 /* Info.plist */,
			);
			path = MVVMCBeta2;
			sourceTree = "<group>";
		};
		3958291C208DD12900543469 /* coordinators */ = {
			isa = PBXGroup;
			children = (
				39582920208DD23100543469 /* Coordinator.swift */,
				39582922208DD26F00543469 /* AppCoordinator.swift */,
				39582924208DD71700543469 /* ArticleListCoordinator.swift */,
			);
			path = coordinators;
			sourceTree = "<group>";
		};
		3958291D208DD1CE00543469 /* models */ = {
			isa = PBXGroup;
			children = (
				3958292D208DE1E400543469 /* protocols */,
				3958292E208DE42B00543469 /* ArticleListModel.swift */,
			);
			path = models;
			sourceTree = "<group>";
		};
		3958291E208DD1D500543469 /* viewmodels */ = {
			isa = PBXGroup;
			children = (
				39582928208DE0E000543469 /* protocols */,
				39582926208DE0B300543469 /* ArticleListViewModel.swift */,
			);
			path = viewmodels;
			sourceTree = "<group>";
		};
		3958291F208DD1DD00543469 /* views */ = {
			isa = PBXGroup;
			children = (
			);
			path = views;
			sourceTree = "<group>";
		};
		39582928208DE0E000543469 /* protocols */ = {
			isa = PBXGroup;
			children = (
				39582929208DE10F00543469 /* ArticleListViewModelProtocol.swift */,
			);
			path = protocols;
			sourceTree = "<group>";
		};
		3958292D208DE1E400543469 /* protocols */ = {
			isa = PBXGroup;
			children = (
				3958292B208DE16E00543469 /* ArticleListModelProtocol.swift */,
			);
			path = protocols;
			sourceTree = "<group>";
		};
/* End PBXGroup section */

/* Begin PBXNativeTarget section */
		39582906208DD0FB00543469 /* MVVMCBeta2 */ = {
			isa = PBXNativeTarget;
			buildConfigurationList = 39582919208DD0FB00543469 /* Build configuration list for PBXNativeTarget "MVVMCBeta2" */;
			buildPhases = (
				39582903208DD0FB00543469 /* Sources */,
				39582904208DD0FB00543469 /* Frameworks */,
				39582905208DD0FB00543469 /* Resources */,
			);
			buildRules = (
			);
			dependencies = (
			);
			name = MVVMCBeta2;
			productName = MVVMCBeta2;
			productReference = 39582907208DD0FB00543469 /* MVVMCBeta2.app */;
			productType = "com.apple.product-type.application";
		};
/* End PBXNativeTarget section */

/* Begin PBXProject section */
		395828FF208DD0FB00543469 /* Project object */ = {
			isa = PBXProject;
			attributes = {
				LastSwiftUpdateCheck = 0920;
				LastUpgradeCheck = 0920;
				ORGANIZATIONNAME = "Vansa Pha";
				TargetAttributes = {
					39582906208DD0FB00543469 = {
						CreatedOnToolsVersion = 9.2;
						ProvisioningStyle = Automatic;
					};
				};
			};
			buildConfigurationList = 39582902208DD0FB00543469 /* Build configuration list for PBXProject "MVVMCBeta2" */;
			compatibilityVersion = "Xcode 8.0";
			developmentRegion = en;
			hasScannedForEncodings = 0;
			knownRegions = (
				en,
				Base,
			);
			mainGroup = 395828FE208DD0FB00543469;
			productRefGroup = 39582908208DD0FB00543469 /* Products */;
			projectDirPath = "";
			projectRoot = "";
			targets = (
				39582906208DD0FB00543469 /* MVVMCBeta2 */,
			);
		};
/* End PBXProject section */

/* Begin PBXResourcesBuildPhase section */
		39582905208DD0FB00543469 /* Resources */ = {
			isa = PBXResourcesBuildPhase;
			buildActionMask = 2147483647;
			files = (
				39582915208DD0FB00543469 /* LaunchScreen.storyboard in Resources */,
				39582912208DD0FB00543469 /* Assets.xcassets in Resources */,
				39582910208DD0FB00543469 /* Main.storyboard in Resources */,
			);
			runOnlyForDeploymentPostprocessing = 0;
		};
/* End PBXResourcesBuildPhase section */

/* Begin PBXSourcesBuildPhase section */
		39582903208DD0FB00543469 /* Sources */ = {
			isa = PBXSourcesBuildPhase;
			buildActionMask = 2147483647;
			files = (
				39582923208DD26F00543469 /* AppCoordinator.swift in Sources */,
				3958292F208DE42B00543469 /* ArticleListModel.swift in Sources */,
				39582927208DE0B300543469 /* ArticleListViewModel.swift in Sources */,
				3958292C208DE16E00543469 /* ArticleListModelProtocol.swift in Sources */,
				3958290D208DD0FB00543469 /* ViewController.swift in Sources */,
				3958290B208DD0FB00543469 /* AppDelegate.swift in Sources */,
				39582925208DD71700543469 /* ArticleListCoordinator.swift in Sources */,
				39582921208DD23100543469 /* Coordinator.swift in Sources */,
				3958292A208DE10F00543469 /* ArticleListViewModelProtocol.swift in Sources */,
			);
			runOnlyForDeploymentPostprocessing = 0;
		};
/* End PBXSourcesBuildPhase section */

/* Begin PBXVariantGroup section */
		3958290E208DD0FB00543469 /* Main.storyboard */ = {
			isa = PBXVariantGroup;
			children = (
				3958290F208DD0FB00543469 /* Base */,
			);
			name = Main.storyboard;
			sourceTree = "<group>";
		};
		39582913208DD0FB00543469 /* LaunchScreen.storyboard */ = {
			isa = PBXVariantGroup;
			children = (
				39582914208DD0FB00543469 /* Base */,
			);
			name = LaunchScreen.storyboard;
			sourceTree = "<group>";
		};
/* End PBXVariantGroup section */

/* Begin XCBuildConfiguration section */
		39582917208DD0FB00543469 /* Debug */ = {
			isa = XCBuildConfiguration;
			buildSettings = {
				ALWAYS_SEARCH_USER_PATHS = NO;
				CLANG_ANALYZER_NONNULL = YES;
				CLANG_ANALYZER_NUMBER_OBJECT_CONVERSION = YES_AGGRESSIVE;
				CLANG_CXX_LANGUAGE_STANDARD = "gnu++14";
				CLANG_CXX_LIBRARY = "libc++";
				CLANG_ENABLE_MODULES = YES;
				CLANG_ENABLE_OBJC_ARC = YES;
				CLANG_WARN_BLOCK_CAPTURE_AUTORELEASING = YES;
				CLANG_WARN_BOOL_CONVERSION = YES;
				CLANG_WARN_COMMA = YES;
				CLANG_WARN_CONSTANT_CONVERSION = YES;
				CLANG_WARN_DIRECT_OBJC_ISA_USAGE = YES_ERROR;
				CLANG_WARN_DOCUMENTATION_COMMENTS = YES;
				CLANG_WARN_EMPTY_BODY = YES;
				CLANG_WARN_ENUM_CONVERSION = YES;
				CLANG_WARN_INFINITE_RECURSION = YES;
				CLANG_WARN_INT_CONVERSION = YES;
				CLANG_WARN_NON_LITERAL_NULL_CONVERSION = YES;
				CLANG_WARN_OBJC_LITERAL_CONVERSION = YES;
				CLANG_WARN_OBJC_ROOT_CLASS = YES_ERROR;
				CLANG_WARN_RANGE_LOOP_ANALYSIS = YES;
				CLANG_WARN_STRICT_PROTOTYPES = YES;
				CLANG_WARN_SUSPICIOUS_MOVE = YES;
				CLANG_WARN_UNGUARDED_AVAILABILITY = YES_AGGRESSIVE;
				CLANG_WARN_UNREACHABLE_CODE = YES;
				CLANG_WARN__DUPLICATE_METHOD_MATCH = YES;
				CODE_SIGN_IDENTITY = "iPhone Developer";
				COPY_PHASE_STRIP = NO;
				DEBUG_INFORMATION_FORMAT = dwarf;
				ENABLE_STRICT_OBJC_MSGSEND = YES;
				ENABLE_TESTABILITY = YES;
				GCC_C_LANGUAGE_STANDARD = gnu11;
				GCC_DYNAMIC_NO_PIC = NO;
				GCC_NO_COMMON_BLOCKS = YES;
				GCC_OPTIMIZATION_LEVEL = 0;
				GCC_PREPROCESSOR_DEFINITIONS = (
					"DEBUG=1",
					"$(inherited)",
				);
				GCC_WARN_64_TO_32_BIT_CONVERSION = YES;
				GCC_WARN_ABOUT_RETURN_TYPE = YES_ERROR;
				GCC_WARN_UNDECLARED_SELECTOR = YES;
				GCC_WARN_UNINITIALIZED_AUTOS = YES_AGGRESSIVE;
				GCC_WARN_UNUSED_FUNCTION = YES;
				GCC_WARN_UNUSED_VARIABLE = YES;
				IPHONEOS_DEPLOYMENT_TARGET = 11.2;
				MTL_ENABLE_DEBUG_INFO = YES;
				ONLY_ACTIVE_ARCH = YES;
				SDKROOT = iphoneos;
				SWIFT_ACTIVE_COMPILATION_CONDITIONS = DEBUG;
				SWIFT_OPTIMIZATION_LEVEL = "-Onone";
			};
			name = Debug;
		};
		39582918208DD0FB00543469 /* Release */ = {
			isa = XCBuildConfiguration;
			buildSettings = {
				ALWAYS_SEARCH_USER_PATHS = NO;
				CLANG_ANALYZER_NONNULL = YES;
				CLANG_ANALYZER_NUMBER_OBJECT_CONVERSION = YES_AGGRESSIVE;
				CLANG_CXX_LANGUAGE_STANDARD = "gnu++14";
				CLANG_CXX_LIBRARY = "libc++";
				CLANG_ENABLE_MODULES = YES;
				CLANG_ENABLE_OBJC_ARC = YES;
				CLANG_WARN_BLOCK_CAPTURE_AUTORELEASING = YES;
				CLANG_WARN_BOOL_CONVERSION = YES;
				CLANG_WARN_COMMA = YES;
				CLANG_WARN_CONSTANT_CONVERSION = YES;
				CLANG_WARN_DIRECT_OBJC_ISA_USAGE = YES_ERROR;
				CLANG_WARN_DOCUMENTATION_COMMENTS = YES;
				CLANG_WARN_EMPTY_BODY = YES;
				CLANG_WARN_ENUM_CONVERSION = YES;
				CLANG_WARN_INFINITE_RECURSION = YES;
				CLANG_WARN_INT_CONVERSION = YES;
				CLANG_WARN_NON_LITERAL_NULL_CONVERSION = YES;
				CLANG_WARN_OBJC_LITERAL_CONVERSION = YES;
				CLANG_WARN_OBJC_ROOT_CLASS = YES_ERROR;
				CLANG_WARN_RANGE_LOOP_ANALYSIS = YES;
				CLANG_WARN_STRICT_PROTOTYPES = YES;
				CLANG_WARN_SUSPICIOUS_MOVE = YES;
				CLANG_WARN_UNGUARDED_AVAILABILITY = YES_AGGRESSIVE;
				CLANG_WARN_UNREACHABLE_CODE = YES;
				CLANG_WARN__DUPLICATE_METHOD_MATCH = YES;
				CODE_SIGN_IDENTITY = "iPhone Developer";
				COPY_PHASE_STRIP = NO;
				DEBUG_INFORMATION_FORMAT = "dwarf-with-dsym";
				ENABLE_NS_ASSERTIONS = NO;
				ENABLE_STRICT_OBJC_MSGSEND = YES;
				GCC_C_LANGUAGE_STANDARD = gnu11;
				GCC_NO_COMMON_BLOCKS = YES;
				GCC_WARN_64_TO_32_BIT_CONVERSION = YES;
				GCC_WARN_ABOUT_RETURN_TYPE = YES_ERROR;
				GCC_WARN_UNDECLARED_SELECTOR = YES;
				GCC_WARN_UNINITIALIZED_AUTOS = YES_AGGRESSIVE;
				GCC_WARN_UNUSED_FUNCTION = YES;
				GCC_WARN_UNUSED_VARIABLE = YES;
				IPHONEOS_DEPLOYMENT_TARGET = 11.2;
				MTL_ENABLE_DEBUG_INFO = NO;
				SDKROOT = iphoneos;
				SWIFT_OPTIMIZATION_LEVEL = "-Owholemodule";
				VALIDATE_PRODUCT = YES;
			};
			name = Release;
		};
		3958291A208DD0FB00543469 /* Debug */ = {
			isa = XCBuildConfiguration;
			buildSettings = {
				ASSETCATALOG_COMPILER_APPICON_NAME = AppIcon;
				CODE_SIGN_STYLE = Automatic;
				DEVELOPMENT_TEAM = PG98TTFS9P;
				INFOPLIST_FILE = MVVMCBeta2/Info.plist;
				LD_RUNPATH_SEARCH_PATHS = "$(inherited) @executable_path/Frameworks";
				PRODUCT_BUNDLE_IDENTIFIER = com.vansa.MVVMCBeta2;
				PRODUCT_NAME = "$(TARGET_NAME)";
				SWIFT_VERSION = 4.0;
				TARGETED_DEVICE_FAMILY = "1,2";
			};
			name = Debug;
		};
		3958291B208DD0FB00543469 /* Release */ = {
			isa = XCBuildConfiguration;
			buildSettings = {
				ASSETCATALOG_COMPILER_APPICON_NAME = AppIcon;
				CODE_SIGN_STYLE = Automatic;
				DEVELOPMENT_TEAM = PG98TTFS9P;
				INFOPLIST_FILE = MVVMCBeta2/Info.plist;
				LD_RUNPATH_SEARCH_PATHS = "$(inherited) @executable_path/Frameworks";
				PRODUCT_BUNDLE_IDENTIFIER = com.vansa.MVVMCBeta2;
				PRODUCT_NAME = "$(TARGET_NAME)";
				SWIFT_VERSION = 4.0;
				TARGETED_DEVICE_FAMILY = "1,2";
			};
			name = Release;
		};
/* End XCBuildConfiguration section */

/* Begin XCConfigurationList section */
		39582902208DD0FB00543469 /* Build configuration list for PBXProject "MVVMCBeta2" */ = {
			isa = XCConfigurationList;
			buildConfigurations = (
				39582917208DD0FB00543469 /* Debug */,
				39582918208DD0FB00543469 /* Release */,
			);
			defaultConfigurationIsVisible = 0;
			defaultConfigurationName = Release;
		};
		39582919208DD0FB00543469 /* Build configuration list for PBXNativeTarget "MVVMCBeta2" */ = {
			isa = XCConfigurationList;
			buildConfigurations = (
				3958291A208DD0FB00543469 /* Debug */,
				3958291B208DD0FB00543469 /* Release */,
			);
			defaultConfigurationIsVisible = 0;
			defaultConfigurationName = Release;
		};
/* End XCConfigurationList section */
	};
	rootObject = 395828FF208DD0FB00543469 /* Project object */;
}
